
Microsoft Visual Studio Solution File, Format Version 12.00
# Visual Studio Version 16
VisualStudioVersion = 16.0.30523.141
MinimumVisualStudioVersion = 10.0.40219.1
Project("{FAE04EC0-301F-11D3-BF4B-00C04F79EFBC}") = "sample", "sample\sample.csproj", "{2E2F9F54-E4D6-415B-93F3-116210F60004}"
EndProject
Global
	GlobalSection(SolutionConfigurationPlatforms) = preSolution
		Debug|Any CPU = Debug|Any CPU
		Release|Any CPU = Release|Any CPU
	EndGlobalSection
	GlobalSection(ProjectConfigurationPlatforms) = postSolution
		{2E2F9F54-E4D6-415B-93F3-116210F60004}.Debug|Any CPU.ActiveCfg = Debug|Any CPU
		{2E2F9F54-E4D6-415B-93F3-116210F60004}.Debug|Any CPU.Build.0 = Debug|Any CPU
		{2E2F9F54-E4D6-415B-93F3-116210F60004}.Release|Any CPU.ActiveCfg = Release|Any CPU
		{2E2F9F54-E4D6-415B-93F3-116210F60004}.Release|Any CPU.Build.0 = Release|Any CPU
	EndGlobalSection
	GlobalSection(SolutionProperties) = preSolution
		HideSolutionNode = FALSE
	EndGlobalSection
	GlobalSection(ExtensibilityGlobals) = postSolution
		SolutionGuid = {D7B4703A-CE79-4CEC-97A2-02C4FE6A39BF}
	EndGlobalSection
EndGlobal
