
Microsoft Visual Studio Solution File, Format Version 12.00
# Visual Studio Version 16
VisualStudioVersion = 16.0.30717.126
MinimumVisualStudioVersion = 10.0.40219.1
Project("{FAE04EC0-301F-11D3-BF4B-00C04F79EFBC}") = "q3", "q3.csproj", "{EFA1E8EB-B409-40FD-A1A1-298FB73F0878}"
EndProject
Global
	GlobalSection(SolutionConfigurationPlatforms) = preSolution
		Debug|Any CPU = Debug|Any CPU
		Release|Any CPU = Release|Any CPU
	EndGlobalSection
	GlobalSection(ProjectConfigurationPlatforms) = postSolution
		{EFA1E8EB-B409-40FD-A1A1-298FB73F0878}.Debug|Any CPU.ActiveCfg = Debug|Any CPU
		{EFA1E8EB-B409-40FD-A1A1-298FB73F0878}.Debug|Any CPU.Build.0 = Debug|Any CPU
		{EFA1E8EB-B409-40FD-A1A1-298FB73F0878}.Release|Any CPU.ActiveCfg = Release|Any CPU
		{EFA1E8EB-B409-40FD-A1A1-298FB73F0878}.Release|Any CPU.Build.0 = Release|Any CPU
	EndGlobalSection
	GlobalSection(SolutionProperties) = preSolution
		HideSolutionNode = FALSE
	EndGlobalSection
	GlobalSection(ExtensibilityGlobals) = postSolution
		SolutionGuid = {5C7C8B39-3BFE-4D71-A132-6F01364D1A5E}
	EndGlobalSection
EndGlobal
