
Microsoft Visual Studio Solution File, Format Version 12.00
# Visual Studio Version 16
VisualStudioVersion = 16.0.30523.141
MinimumVisualStudioVersion = 10.0.40219.1
Project("{FAE04EC0-301F-11D3-BF4B-00C04F79EFBC}") = "q2", "q2\q2.csproj", "{D9369539-F9BC-45EA-90B0-0CF423B0A12B}"
EndProject
Global
	GlobalSection(SolutionConfigurationPlatforms) = preSolution
		Debug|Any CPU = Debug|Any CPU
		Release|Any CPU = Release|Any CPU
	EndGlobalSection
	GlobalSection(ProjectConfigurationPlatforms) = postSolution
		{D9369539-F9BC-45EA-90B0-0CF423B0A12B}.Debug|Any CPU.ActiveCfg = Debug|Any CPU
		{D9369539-F9BC-45EA-90B0-0CF423B0A12B}.Debug|Any CPU.Build.0 = Debug|Any CPU
		{D9369539-F9BC-45EA-90B0-0CF423B0A12B}.Release|Any CPU.ActiveCfg = Release|Any CPU
		{D9369539-F9BC-45EA-90B0-0CF423B0A12B}.Release|Any CPU.Build.0 = Release|Any CPU
	EndGlobalSection
	GlobalSection(SolutionProperties) = preSolution
		HideSolutionNode = FALSE
	EndGlobalSection
	GlobalSection(ExtensibilityGlobals) = postSolution
		SolutionGuid = {6AB6EB0B-A6DC-4A3B-A311-3974542340D7}
	EndGlobalSection
EndGlobal
