
Microsoft Visual Studio Solution File, Format Version 12.00
# Visual Studio Version 16
VisualStudioVersion = 16.0.30523.141
MinimumVisualStudioVersion = 10.0.40219.1
Project("{FAE04EC0-301F-11D3-BF4B-00C04F79EFBC}") = "q3", "q3\q3.csproj", "{C5055353-2619-4752-BD28-E1CD87B6AEF2}"
EndProject
Global
	GlobalSection(SolutionConfigurationPlatforms) = preSolution
		Debug|Any CPU = Debug|Any CPU
		Release|Any CPU = Release|Any CPU
	EndGlobalSection
	GlobalSection(ProjectConfigurationPlatforms) = postSolution
		{C5055353-2619-4752-BD28-E1CD87B6AEF2}.Debug|Any CPU.ActiveCfg = Debug|Any CPU
		{C5055353-2619-4752-BD28-E1CD87B6AEF2}.Debug|Any CPU.Build.0 = Debug|Any CPU
		{C5055353-2619-4752-BD28-E1CD87B6AEF2}.Release|Any CPU.ActiveCfg = Release|Any CPU
		{C5055353-2619-4752-BD28-E1CD87B6AEF2}.Release|Any CPU.Build.0 = Release|Any CPU
	EndGlobalSection
	GlobalSection(SolutionProperties) = preSolution
		HideSolutionNode = FALSE
	EndGlobalSection
	GlobalSection(ExtensibilityGlobals) = postSolution
		SolutionGuid = {64A969E0-7FEF-4C25-83D9-8D3E96B59879}
	EndGlobalSection
EndGlobal
