
Microsoft Visual Studio Solution File, Format Version 12.00
# Visual Studio Version 16
VisualStudioVersion = 16.0.30523.141
MinimumVisualStudioVersion = 10.0.40219.1
Project("{FAE04EC0-301F-11D3-BF4B-00C04F79EFBC}") = "q2", "q2\q2.csproj", "{BE18B35D-1452-4E20-9AB4-7276EE04B360}"
EndProject
Global
	GlobalSection(SolutionConfigurationPlatforms) = preSolution
		Debug|Any CPU = Debug|Any CPU
		Release|Any CPU = Release|Any CPU
	EndGlobalSection
	GlobalSection(ProjectConfigurationPlatforms) = postSolution
		{BE18B35D-1452-4E20-9AB4-7276EE04B360}.Debug|Any CPU.ActiveCfg = Debug|Any CPU
		{BE18B35D-1452-4E20-9AB4-7276EE04B360}.Debug|Any CPU.Build.0 = Debug|Any CPU
		{BE18B35D-1452-4E20-9AB4-7276EE04B360}.Release|Any CPU.ActiveCfg = Release|Any CPU
		{BE18B35D-1452-4E20-9AB4-7276EE04B360}.Release|Any CPU.Build.0 = Release|Any CPU
	EndGlobalSection
	GlobalSection(SolutionProperties) = preSolution
		HideSolutionNode = FALSE
	EndGlobalSection
	GlobalSection(ExtensibilityGlobals) = postSolution
		SolutionGuid = {73C7B9C2-7F3E-4994-BB9F-175B4E2FD017}
	EndGlobalSection
EndGlobal
