
Microsoft Visual Studio Solution File, Format Version 12.00
# Visual Studio Version 16
VisualStudioVersion = 16.0.30523.141
MinimumVisualStudioVersion = 10.0.40219.1
Project("{FAE04EC0-301F-11D3-BF4B-00C04F79EFBC}") = "sample", "sample\sample.csproj", "{8FA0C501-DC73-4065-AE4F-A88722DC1D2F}"
EndProject
Global
	GlobalSection(SolutionConfigurationPlatforms) = preSolution
		Debug|Any CPU = Debug|Any CPU
		Release|Any CPU = Release|Any CPU
	EndGlobalSection
	GlobalSection(ProjectConfigurationPlatforms) = postSolution
		{8FA0C501-DC73-4065-AE4F-A88722DC1D2F}.Debug|Any CPU.ActiveCfg = Debug|Any CPU
		{8FA0C501-DC73-4065-AE4F-A88722DC1D2F}.Debug|Any CPU.Build.0 = Debug|Any CPU
		{8FA0C501-DC73-4065-AE4F-A88722DC1D2F}.Release|Any CPU.ActiveCfg = Release|Any CPU
		{8FA0C501-DC73-4065-AE4F-A88722DC1D2F}.Release|Any CPU.Build.0 = Release|Any CPU
	EndGlobalSection
	GlobalSection(SolutionProperties) = preSolution
		HideSolutionNode = FALSE
	EndGlobalSection
	GlobalSection(ExtensibilityGlobals) = postSolution
		SolutionGuid = {554BEAED-9A24-4732-98E9-51CBB1E8197E}
	EndGlobalSection
EndGlobal
