
Microsoft Visual Studio Solution File, Format Version 12.00
# Visual Studio Version 16
VisualStudioVersion = 16.0.30717.126
MinimumVisualStudioVersion = 10.0.40219.1
Project("{FAE04EC0-301F-11D3-BF4B-00C04F79EFBC}") = "q1", "q1.csproj", "{66FB0BA4-8828-4624-8501-C47978D380B9}"
EndProject
Global
	GlobalSection(SolutionConfigurationPlatforms) = preSolution
		Debug|Any CPU = Debug|Any CPU
		Release|Any CPU = Release|Any CPU
	EndGlobalSection
	GlobalSection(ProjectConfigurationPlatforms) = postSolution
		{66FB0BA4-8828-4624-8501-C47978D380B9}.Debug|Any CPU.ActiveCfg = Debug|Any CPU
		{66FB0BA4-8828-4624-8501-C47978D380B9}.Debug|Any CPU.Build.0 = Debug|Any CPU
		{66FB0BA4-8828-4624-8501-C47978D380B9}.Release|Any CPU.ActiveCfg = Release|Any CPU
		{66FB0BA4-8828-4624-8501-C47978D380B9}.Release|Any CPU.Build.0 = Release|Any CPU
	EndGlobalSection
	GlobalSection(SolutionProperties) = preSolution
		HideSolutionNode = FALSE
	EndGlobalSection
	GlobalSection(ExtensibilityGlobals) = postSolution
		SolutionGuid = {424C636E-071E-418F-9840-8466B5747916}
	EndGlobalSection
EndGlobal
