
Microsoft Visual Studio Solution File, Format Version 12.00
# Visual Studio Version 16
VisualStudioVersion = 16.0.30523.141
MinimumVisualStudioVersion = 10.0.40219.1
Project("{FAE04EC0-301F-11D3-BF4B-00C04F79EFBC}") = "q4", "q4\q4.csproj", "{2E2B7AAA-1DD8-4524-AE14-749FCF9D8939}"
EndProject
Global
	GlobalSection(SolutionConfigurationPlatforms) = preSolution
		Debug|Any CPU = Debug|Any CPU
		Release|Any CPU = Release|Any CPU
	EndGlobalSection
	GlobalSection(ProjectConfigurationPlatforms) = postSolution
		{2E2B7AAA-1DD8-4524-AE14-749FCF9D8939}.Debug|Any CPU.ActiveCfg = Debug|Any CPU
		{2E2B7AAA-1DD8-4524-AE14-749FCF9D8939}.Debug|Any CPU.Build.0 = Debug|Any CPU
		{2E2B7AAA-1DD8-4524-AE14-749FCF9D8939}.Release|Any CPU.ActiveCfg = Release|Any CPU
		{2E2B7AAA-1DD8-4524-AE14-749FCF9D8939}.Release|Any CPU.Build.0 = Release|Any CPU
	EndGlobalSection
	GlobalSection(SolutionProperties) = preSolution
		HideSolutionNode = FALSE
	EndGlobalSection
	GlobalSection(ExtensibilityGlobals) = postSolution
		SolutionGuid = {1E13E003-C595-4574-A218-D8B3AB54388B}
	EndGlobalSection
EndGlobal
